
Microsoft Visual Studio Solution File, Format Version 12.00
# Visual Studio Version 16
VisualStudioVersion = 16.0.30406.217
MinimumVisualStudioVersion = 10.0.40219.1
Project("{9A19103F-16F7-4668-BE54-9A1E7A4F7556}") = "discordbot", "yt_timestamp_bot\discordbot.csproj", "{99D310D7-43AB-42B1-8138-3182356FCD2C}"
EndProject
Project("{2150E333-8FDC-42A3-9474-1A3956D46DE8}") = "Docker", "Docker", "{8F7FA86A-344F-4384-9079-9D419A287C42}"
	ProjectSection(SolutionItems) = preProject
		docker-compose.yaml = docker-compose.yaml
	EndProjectSection
EndProject
Project("{2150E333-8FDC-42A3-9474-1A3956D46DE8}") = "nginx", "nginx", "{C44BA886-D781-4423-80DE-755486DA0213}"
	ProjectSection(SolutionItems) = preProject
		nginx\nginx.conf = nginx\nginx.conf
		nginx\nginx.Dockerfile = nginx\nginx.Dockerfile
	EndProjectSection
EndProject
Global
	GlobalSection(SolutionConfigurationPlatforms) = preSolution
		Debug|Any CPU = Debug|Any CPU
		Release|Any CPU = Release|Any CPU
	EndGlobalSection
	GlobalSection(ProjectConfigurationPlatforms) = postSolution
		{99D310D7-43AB-42B1-8138-3182356FCD2C}.Debug|Any CPU.ActiveCfg = Debug|Any CPU
		{99D310D7-43AB-42B1-8138-3182356FCD2C}.Debug|Any CPU.Build.0 = Debug|Any CPU
		{99D310D7-43AB-42B1-8138-3182356FCD2C}.Release|Any CPU.ActiveCfg = Release|Any CPU
		{99D310D7-43AB-42B1-8138-3182356FCD2C}.Release|Any CPU.Build.0 = Release|Any CPU
	EndGlobalSection
	GlobalSection(SolutionProperties) = preSolution
		HideSolutionNode = FALSE
	EndGlobalSection
	GlobalSection(NestedProjects) = preSolution
		{C44BA886-D781-4423-80DE-755486DA0213} = {8F7FA86A-344F-4384-9079-9D419A287C42}
	EndGlobalSection
	GlobalSection(ExtensibilityGlobals) = postSolution
		SolutionGuid = {891A7982-7E20-4B74-8BAD-0DD75E5E323A}
	EndGlobalSection
EndGlobal
