
Microsoft Visual Studio Solution File, Format Version 12.00
# Visual Studio Version 16
VisualStudioVersion = 16.0.30406.217
MinimumVisualStudioVersion = 10.0.40219.1
Project("{FAE04EC0-301F-11D3-BF4B-00C04F79EFBC}") = "discordbot", "discordbot.csproj", "{99D310D7-43AB-42B1-8138-3182356FCD2C}"
EndProject
Global
	GlobalSection(SolutionConfigurationPlatforms) = preSolution
		Debug|Any CPU = Debug|Any CPU
		Release|Any CPU = Release|Any CPU
	EndGlobalSection
	GlobalSection(ProjectConfigurationPlatforms) = postSolution
		{99D310D7-43AB-42B1-8138-3182356FCD2C}.Debug|Any CPU.ActiveCfg = Debug|Any CPU
		{99D310D7-43AB-42B1-8138-3182356FCD2C}.Debug|Any CPU.Build.0 = Debug|Any CPU
		{99D310D7-43AB-42B1-8138-3182356FCD2C}.Release|Any CPU.ActiveCfg = Release|Any CPU
		{99D310D7-43AB-42B1-8138-3182356FCD2C}.Release|Any CPU.Build.0 = Release|Any CPU
	EndGlobalSection
	GlobalSection(SolutionProperties) = preSolution
		HideSolutionNode = FALSE
	EndGlobalSection
	GlobalSection(ExtensibilityGlobals) = postSolution
		SolutionGuid = {891A7982-7E20-4B74-8BAD-0DD75E5E323A}
	EndGlobalSection
EndGlobal
